
Microsoft Visual Studio Solution File, Format Version 12.00
# Visual Studio 15
VisualStudioVersion = 15.0.27130.2010
MinimumVisualStudioVersion = 10.0.40219.1
Project("{FAE04EC0-301F-11D3-BF4B-00C04F79EFBC}") = "azure-publish-test", "azure-publish-test\azure-publish-test.csproj", "{FBBE3960-E7EB-42B4-9048-64EABD0EAC10}"
EndProject
Global
	GlobalSection(SolutionConfigurationPlatforms) = preSolution
		Debug|Any CPU = Debug|Any CPU
		Release|Any CPU = Release|Any CPU
	EndGlobalSection
	GlobalSection(ProjectConfigurationPlatforms) = postSolution
		{FBBE3960-E7EB-42B4-9048-64EABD0EAC10}.Debug|Any CPU.ActiveCfg = Debug|Any CPU
		{FBBE3960-E7EB-42B4-9048-64EABD0EAC10}.Debug|Any CPU.Build.0 = Debug|Any CPU
		{FBBE3960-E7EB-42B4-9048-64EABD0EAC10}.Release|Any CPU.ActiveCfg = Release|Any CPU
		{FBBE3960-E7EB-42B4-9048-64EABD0EAC10}.Release|Any CPU.Build.0 = Release|Any CPU
	EndGlobalSection
	GlobalSection(SolutionProperties) = preSolution
		HideSolutionNode = FALSE
	EndGlobalSection
	GlobalSection(ExtensibilityGlobals) = postSolution
		SolutionGuid = {A954FDB4-2BAE-457D-AAD9-52369CC4F1BD}
	EndGlobalSection
EndGlobal
